
Microsoft Visual Studio Solution File, Format Version 12.00
# Visual Studio 15
VisualStudioVersion = 15.0.27428.2005
MinimumVisualStudioVersion = 10.0.40219.1
Project("{FAE04EC0-301F-11D3-BF4B-00C04F79EFBC}") = "ArrayLoops", "ArrayLoops\ArrayLoops.csproj", "{1FCCDC45-74DA-438C-8288-99E956962611}"
EndProject
Global
	GlobalSection(SolutionConfigurationPlatforms) = preSolution
		Debug|Any CPU = Debug|Any CPU
		Release|Any CPU = Release|Any CPU
	EndGlobalSection
	GlobalSection(ProjectConfigurationPlatforms) = postSolution
		{1FCCDC45-74DA-438C-8288-99E956962611}.Debug|Any CPU.ActiveCfg = Debug|Any CPU
		{1FCCDC45-74DA-438C-8288-99E956962611}.Debug|Any CPU.Build.0 = Debug|Any CPU
		{1FCCDC45-74DA-438C-8288-99E956962611}.Release|Any CPU.ActiveCfg = Release|Any CPU
		{1FCCDC45-74DA-438C-8288-99E956962611}.Release|Any CPU.Build.0 = Release|Any CPU
	EndGlobalSection
	GlobalSection(SolutionProperties) = preSolution
		HideSolutionNode = FALSE
	EndGlobalSection
	GlobalSection(ExtensibilityGlobals) = postSolution
		SolutionGuid = {DB11DA61-2DCB-4F09-A215-78DDE68078E7}
	EndGlobalSection
EndGlobal
